// !$*UTF8*$!
{
	archiveVersion = 1;
	classes = {
	};
	objectVersion = 46;
	objects = {

/* Begin PBXBuildFile section */
		F72F86EF1B8B866B00F966D4 /* main.m in Sources */ = {isa = PBXBuildFile; fileRef = F72F86EE1B8B866B00F966D4 /* main.m */; };
		F72F86F21B8B866B00F966D4 /* AppDelegate.m in Sources */ = {isa = PBXBuildFile; fileRef = F72F86F11B8B866B00F966D4 /* AppDelegate.m */; };
		F72F86F51B8B866B00F966D4 /* AllBooksListViewController.m in Sources */ = {isa = PBXBuildFile; fileRef = F72F86F41B8B866B00F966D4 /* AllBooksListViewController.m */; };
		F72F86F81B8B866B00F966D4 /* Main.storyboard in Resources */ = {isa = PBXBuildFile; fileRef = F72F86F61B8B866B00F966D4 /* Main.storyboard */; };
		F72F86FA1B8B866B00F966D4 /* Images.xcassets in Resources */ = {isa = PBXBuildFile; fileRef = F72F86F91B8B866B00F966D4 /* Images.xcassets */; };
		F72F86FD1B8B866B00F966D4 /* LaunchScreen.xib in Resources */ = {isa = PBXBuildFile; fileRef = F72F86FB1B8B866B00F966D4 /* LaunchScreen.xib */; };
		F72F87091B8B866B00F966D4 /* LibraryReviewTests.m in Sources */ = {isa = PBXBuildFile; fileRef = F72F87081B8B866B00F966D4 /* LibraryReviewTests.m */; };
		F72F87141B8B88AD00F966D4 /* BookDetailViewController.m in Sources */ = {isa = PBXBuildFile; fileRef = F72F87131B8B88AD00F966D4 /* BookDetailViewController.m */; };
		F72F87171B8B8B2900F966D4 /* BookSwitchTableViewCell.m in Sources */ = {isa = PBXBuildFile; fileRef = F72F87161B8B8B2900F966D4 /* BookSwitchTableViewCell.m */; };
		F72F871A1B8B8CFE00F966D4 /* EditBookViewController.m in Sources */ = {isa = PBXBuildFile; fileRef = F72F87191B8B8CFE00F966D4 /* EditBookViewController.m */; };
		F72F871D1B8B8D8200F966D4 /* AllBooksTableViewDataSource.m in Sources */ = {isa = PBXBuildFile; fileRef = F72F871C1B8B8D8200F966D4 /* AllBooksTableViewDataSource.m */; };
/* End PBXBuildFile section */

/* Begin PBXContainerItemProxy section */
		F72F87031B8B866B00F966D4 /* PBXContainerItemProxy */ = {
			isa = PBXContainerItemProxy;
			containerPortal = F72F86E11B8B866B00F966D4 /* Project object */;
			proxyType = 1;
			remoteGlobalIDString = F72F86E81B8B866B00F966D4;
			remoteInfo = LibraryReview;
		};
/* End PBXContainerItemProxy section */

/* Begin PBXFileReference section */
		F72F86E91B8B866B00F966D4 /* LibraryReview.app */ = {isa = PBXFileReference; explicitFileType = wrapper.application; includeInIndex = 0; path = LibraryReview.app; sourceTree = BUILT_PRODUCTS_DIR; };
		F72F86ED1B8B866B00F966D4 /* Info.plist */ = {isa = PBXFileReference; lastKnownFileType = text.plist.xml; path = Info.plist; sourceTree = "<group>"; };
		F72F86EE1B8B866B00F966D4 /* main.m */ = {isa = PBXFileReference; lastKnownFileType = sourcecode.c.objc; path = main.m; sourceTree = "<group>"; };
		F72F86F01B8B866B00F966D4 /* AppDelegate.h */ = {isa = PBXFileReference; lastKnownFileType = sourcecode.c.h; path = AppDelegate.h; sourceTree = "<group>"; };
		F72F86F11B8B866B00F966D4 /* AppDelegate.m */ = {isa = PBXFileReference; lastKnownFileType = sourcecode.c.objc; path = AppDelegate.m; sourceTree = "<group>"; };
		F72F86F31B8B866B00F966D4 /* AllBooksListViewController.h */ = {isa = PBXFileReference; lastKnownFileType = sourcecode.c.h; path = AllBooksListViewController.h; sourceTree = "<group>"; };
		F72F86F41B8B866B00F966D4 /* AllBooksListViewController.m */ = {isa = PBXFileReference; lastKnownFileType = sourcecode.c.objc; path = AllBooksListViewController.m; sourceTree = "<group>"; };
		F72F86F71B8B866B00F966D4 /* Base */ = {isa = PBXFileReference; lastKnownFileType = file.storyboard; name = Base; path = Base.lproj/Main.storyboard; sourceTree = "<group>"; };
		F72F86F91B8B866B00F966D4 /* Images.xcassets */ = {isa = PBXFileReference; lastKnownFileType = folder.assetcatalog; path = Images.xcassets; sourceTree = "<group>"; };
		F72F86FC1B8B866B00F966D4 /* Base */ = {isa = PBXFileReference; lastKnownFileType = file.xib; name = Base; path = Base.lproj/LaunchScreen.xib; sourceTree = "<group>"; };
		F72F87021B8B866B00F966D4 /* LibraryReviewTests.xctest */ = {isa = PBXFileReference; explicitFileType = wrapper.cfbundle; includeInIndex = 0; path = LibraryReviewTests.xctest; sourceTree = BUILT_PRODUCTS_DIR; };
		F72F87071B8B866B00F966D4 /* Info.plist */ = {isa = PBXFileReference; lastKnownFileType = text.plist.xml; path = Info.plist; sourceTree = "<group>"; };
		F72F87081B8B866B00F966D4 /* LibraryReviewTests.m */ = {isa = PBXFileReference; lastKnownFileType = sourcecode.c.objc; path = LibraryReviewTests.m; sourceTree = "<group>"; };
		F72F87121B8B88AD00F966D4 /* BookDetailViewController.h */ = {isa = PBXFileReference; fileEncoding = 4; lastKnownFileType = sourcecode.c.h; path = BookDetailViewController.h; sourceTree = "<group>"; };
		F72F87131B8B88AD00F966D4 /* BookDetailViewController.m */ = {isa = PBXFileReference; fileEncoding = 4; lastKnownFileType = sourcecode.c.objc; path = BookDetailViewController.m; sourceTree = "<group>"; };
		F72F87151B8B8B2900F966D4 /* BookSwitchTableViewCell.h */ = {isa = PBXFileReference; fileEncoding = 4; lastKnownFileType = sourcecode.c.h; path = BookSwitchTableViewCell.h; sourceTree = "<group>"; };
		F72F87161B8B8B2900F966D4 /* BookSwitchTableViewCell.m */ = {isa = PBXFileReference; fileEncoding = 4; lastKnownFileType = sourcecode.c.objc; path = BookSwitchTableViewCell.m; sourceTree = "<group>"; };
		F72F87181B8B8CFE00F966D4 /* EditBookViewController.h */ = {isa = PBXFileReference; fileEncoding = 4; lastKnownFileType = sourcecode.c.h; path = EditBookViewController.h; sourceTree = "<group>"; };
		F72F87191B8B8CFE00F966D4 /* EditBookViewController.m */ = {isa = PBXFileReference; fileEncoding = 4; lastKnownFileType = sourcecode.c.objc; path = EditBookViewController.m; sourceTree = "<group>"; };
		F72F871B1B8B8D8200F966D4 /* AllBooksTableViewDataSource.h */ = {isa = PBXFileReference; fileEncoding = 4; lastKnownFileType = sourcecode.c.h; path = AllBooksTableViewDataSource.h; sourceTree = "<group>"; };
		F72F871C1B8B8D8200F966D4 /* AllBooksTableViewDataSource.m */ = {isa = PBXFileReference; fileEncoding = 4; lastKnownFileType = sourcecode.c.objc; path = AllBooksTableViewDataSource.m; sourceTree = "<group>"; };
/* End PBXFileReference section */

/* Begin PBXFrameworksBuildPhase section */
		F72F86E61B8B866B00F966D4 /* Frameworks */ = {
			isa = PBXFrameworksBuildPhase;
			buildActionMask = 2147483647;
			files = (
			);
			runOnlyForDeploymentPostprocessing = 0;
		};
		F72F86FF1B8B866B00F966D4 /* Frameworks */ = {
			isa = PBXFrameworksBuildPhase;
			buildActionMask = 2147483647;
			files = (
			);
			runOnlyForDeploymentPostprocessing = 0;
		};
/* End PBXFrameworksBuildPhase section */

/* Begin PBXGroup section */
		F72F86E01B8B866B00F966D4 = {
			isa = PBXGroup;
			children = (
				F72F86EB1B8B866B00F966D4 /* LibraryReview */,
				F72F87051B8B866B00F966D4 /* LibraryReviewTests */,
				F72F86EA1B8B866B00F966D4 /* Products */,
			);
			sourceTree = "<group>";
		};
		F72F86EA1B8B866B00F966D4 /* Products */ = {
			isa = PBXGroup;
			children = (
				F72F86E91B8B866B00F966D4 /* LibraryReview.app */,
				F72F87021B8B866B00F966D4 /* LibraryReviewTests.xctest */,
			);
			name = Products;
			sourceTree = "<group>";
		};
		F72F86EB1B8B866B00F966D4 /* LibraryReview */ = {
			isa = PBXGroup;
			children = (
				F72F86F01B8B866B00F966D4 /* AppDelegate.h */,
				F72F86F11B8B866B00F966D4 /* AppDelegate.m */,
				F72F86F31B8B866B00F966D4 /* AllBooksListViewController.h */,
				F72F86F41B8B866B00F966D4 /* AllBooksListViewController.m */,
				F72F86F61B8B866B00F966D4 /* Main.storyboard */,
				F72F871B1B8B8D8200F966D4 /* AllBooksTableViewDataSource.h */,
				F72F871C1B8B8D8200F966D4 /* AllBooksTableViewDataSource.m */,
				F72F87181B8B8CFE00F966D4 /* EditBookViewController.h */,
				F72F87191B8B8CFE00F966D4 /* EditBookViewController.m */,
				F72F87151B8B8B2900F966D4 /* BookSwitchTableViewCell.h */,
				F72F87161B8B8B2900F966D4 /* BookSwitchTableViewCell.m */,
				F72F87121B8B88AD00F966D4 /* BookDetailViewController.h */,
				F72F87131B8B88AD00F966D4 /* BookDetailViewController.m */,
				F72F86F91B8B866B00F966D4 /* Images.xcassets */,
				F72F86FB1B8B866B00F966D4 /* LaunchScreen.xib */,
				F72F86EC1B8B866B00F966D4 /* Supporting Files */,
			);
			path = LibraryReview;
			sourceTree = "<group>";
		};
		F72F86EC1B8B866B00F966D4 /* Supporting Files */ = {
			isa = PBXGroup;
			children = (
				F72F86ED1B8B866B00F966D4 /* Info.plist */,
				F72F86EE1B8B866B00F966D4 /* main.m */,
			);
			name = "Supporting Files";
			sourceTree = "<group>";
		};
		F72F87051B8B866B00F966D4 /* LibraryReviewTests */ = {
			isa = PBXGroup;
			children = (
				F72F87081B8B866B00F966D4 /* LibraryReviewTests.m */,
				F72F87061B8B866B00F966D4 /* Supporting Files */,
			);
			path = LibraryReviewTests;
			sourceTree = "<group>";
		};
		F72F87061B8B866B00F966D4 /* Supporting Files */ = {
			isa = PBXGroup;
			children = (
				F72F87071B8B866B00F966D4 /* Info.plist */,
			);
			name = "Supporting Files";
			sourceTree = "<group>";
		};
/* End PBXGroup section */

/* Begin PBXNativeTarget section */
		F72F86E81B8B866B00F966D4 /* LibraryReview */ = {
			isa = PBXNativeTarget;
			buildConfigurationList = F72F870C1B8B866B00F966D4 /* Build configuration list for PBXNativeTarget "LibraryReview" */;
			buildPhases = (
				F72F86E51B8B866B00F966D4 /* Sources */,
				F72F86E61B8B866B00F966D4 /* Frameworks */,
				F72F86E71B8B866B00F966D4 /* Resources */,
			);
			buildRules = (
			);
			dependencies = (
			);
			name = LibraryReview;
			productName = LibraryReview;
			productReference = F72F86E91B8B866B00F966D4 /* LibraryReview.app */;
			productType = "com.apple.product-type.application";
		};
		F72F87011B8B866B00F966D4 /* LibraryReviewTests */ = {
			isa = PBXNativeTarget;
			buildConfigurationList = F72F870F1B8B866B00F966D4 /* Build configuration list for PBXNativeTarget "LibraryReviewTests" */;
			buildPhases = (
				F72F86FE1B8B866B00F966D4 /* Sources */,
				F72F86FF1B8B866B00F966D4 /* Frameworks */,
				F72F87001B8B866B00F966D4 /* Resources */,
			);
			buildRules = (
			);
			dependencies = (
				F72F87041B8B866B00F966D4 /* PBXTargetDependency */,
			);
			name = LibraryReviewTests;
			productName = LibraryReviewTests;
			productReference = F72F87021B8B866B00F966D4 /* LibraryReviewTests.xctest */;
			productType = "com.apple.product-type.bundle.unit-test";
		};
/* End PBXNativeTarget section */

/* Begin PBXProject section */
		F72F86E11B8B866B00F966D4 /* Project object */ = {
			isa = PBXProject;
			attributes = {
				LastUpgradeCheck = 0640;
				ORGANIZATIONNAME = DevMountain;
				TargetAttributes = {
					F72F86E81B8B866B00F966D4 = {
						CreatedOnToolsVersion = 6.4;
					};
					F72F87011B8B866B00F966D4 = {
						CreatedOnToolsVersion = 6.4;
						TestTargetID = F72F86E81B8B866B00F966D4;
					};
				};
			};
			buildConfigurationList = F72F86E41B8B866B00F966D4 /* Build configuration list for PBXProject "LibraryReview" */;
			compatibilityVersion = "Xcode 3.2";
			developmentRegion = English;
			hasScannedForEncodings = 0;
			knownRegions = (
				en,
				Base,
			);
			mainGroup = F72F86E01B8B866B00F966D4;
			productRefGroup = F72F86EA1B8B866B00F966D4 /* Products */;
			projectDirPath = "";
			projectRoot = "";
			targets = (
				F72F86E81B8B866B00F966D4 /* LibraryReview */,
				F72F87011B8B866B00F966D4 /* LibraryReviewTests */,
			);
		};
/* End PBXProject section */

/* Begin PBXResourcesBuildPhase section */
		F72F86E71B8B866B00F966D4 /* Resources */ = {
			isa = PBXResourcesBuildPhase;
			buildActionMask = 2147483647;
			files = (
				F72F86F81B8B866B00F966D4 /* Main.storyboard in Resources */,
				F72F86FD1B8B866B00F966D4 /* LaunchScreen.xib in Resources */,
				F72F86FA1B8B866B00F966D4 /* Images.xcassets in Resources */,
			);
			runOnlyForDeploymentPostprocessing = 0;
		};
		F72F87001B8B866B00F966D4 /* Resources */ = {
			isa = PBXResourcesBuildPhase;
			buildActionMask = 2147483647;
			files = (
			);
			runOnlyForDeploymentPostprocessing = 0;
		};
/* End PBXResourcesBuildPhase section */

/* Begin PBXSourcesBuildPhase section */
		F72F86E51B8B866B00F966D4 /* Sources */ = {
			isa = PBXSourcesBuildPhase;
			buildActionMask = 2147483647;
			files = (
				F72F86F51B8B866B00F966D4 /* AllBooksListViewController.m in Sources */,
				F72F871A1B8B8CFE00F966D4 /* EditBookViewController.m in Sources */,
				F72F86F21B8B866B00F966D4 /* AppDelegate.m in Sources */,
				F72F871D1B8B8D8200F966D4 /* AllBooksTableViewDataSource.m in Sources */,
				F72F87141B8B88AD00F966D4 /* BookDetailViewController.m in Sources */,
				F72F87171B8B8B2900F966D4 /* BookSwitchTableViewCell.m in Sources */,
				F72F86EF1B8B866B00F966D4 /* main.m in Sources */,
			);
			runOnlyForDeploymentPostprocessing = 0;
		};
		F72F86FE1B8B866B00F966D4 /* Sources */ = {
			isa = PBXSourcesBuildPhase;
			buildActionMask = 2147483647;
			files = (
				F72F87091B8B866B00F966D4 /* LibraryReviewTests.m in Sources */,
			);
			runOnlyForDeploymentPostprocessing = 0;
		};
/* End PBXSourcesBuildPhase section */

/* Begin PBXTargetDependency section */
		F72F87041B8B866B00F966D4 /* PBXTargetDependency */ = {
			isa = PBXTargetDependency;
			target = F72F86E81B8B866B00F966D4 /* LibraryReview */;
			targetProxy = F72F87031B8B866B00F966D4 /* PBXContainerItemProxy */;
		};
/* End PBXTargetDependency section */

/* Begin PBXVariantGroup section */
		F72F86F61B8B866B00F966D4 /* Main.storyboard */ = {
			isa = PBXVariantGroup;
			children = (
				F72F86F71B8B866B00F966D4 /* Base */,
			);
			name = Main.storyboard;
			sourceTree = "<group>";
		};
		F72F86FB1B8B866B00F966D4 /* LaunchScreen.xib */ = {
			isa = PBXVariantGroup;
			children = (
				F72F86FC1B8B866B00F966D4 /* Base */,
			);
			name = LaunchScreen.xib;
			sourceTree = "<group>";
		};
/* End PBXVariantGroup section */

/* Begin XCBuildConfiguration section */
		F72F870A1B8B866B00F966D4 /* Debug */ = {
			isa = XCBuildConfiguration;
			buildSettings = {
				ALWAYS_SEARCH_USER_PATHS = NO;
				CLANG_CXX_LANGUAGE_STANDARD = "gnu++0x";
				CLANG_CXX_LIBRARY = "libc++";
				CLANG_ENABLE_MODULES = YES;
				CLANG_ENABLE_OBJC_ARC = YES;
				CLANG_WARN_BOOL_CONVERSION = YES;
				CLANG_WARN_CONSTANT_CONVERSION = YES;
				CLANG_WARN_DIRECT_OBJC_ISA_USAGE = YES_ERROR;
				CLANG_WARN_EMPTY_BODY = YES;
				CLANG_WARN_ENUM_CONVERSION = YES;
				CLANG_WARN_INT_CONVERSION = YES;
				CLANG_WARN_OBJC_ROOT_CLASS = YES_ERROR;
				CLANG_WARN_UNREACHABLE_CODE = YES;
				CLANG_WARN__DUPLICATE_METHOD_MATCH = YES;
				"CODE_SIGN_IDENTITY[sdk=iphoneos*]" = "iPhone Developer";
				COPY_PHASE_STRIP = NO;
				DEBUG_INFORMATION_FORMAT = "dwarf-with-dsym";
				ENABLE_STRICT_OBJC_MSGSEND = YES;
				GCC_C_LANGUAGE_STANDARD = gnu99;
				GCC_DYNAMIC_NO_PIC = NO;
				GCC_NO_COMMON_BLOCKS = YES;
				GCC_OPTIMIZATION_LEVEL = 0;
				GCC_PREPROCESSOR_DEFINITIONS = (
					"DEBUG=1",
					"$(inherited)",
				);
				GCC_SYMBOLS_PRIVATE_EXTERN = NO;
				GCC_WARN_64_TO_32_BIT_CONVERSION = YES;
				GCC_WARN_ABOUT_RETURN_TYPE = YES_ERROR;
				GCC_WARN_UNDECLARED_SELECTOR = YES;
				GCC_WARN_UNINITIALIZED_AUTOS = YES_AGGRESSIVE;
				GCC_WARN_UNUSED_FUNCTION = YES;
				GCC_WARN_UNUSED_VARIABLE = YES;
				IPHONEOS_DEPLOYMENT_TARGET = 8.4;
				MTL_ENABLE_DEBUG_INFO = YES;
				ONLY_ACTIVE_ARCH = YES;
				SDKROOT = iphoneos;
			};
			name = Debug;
		};
		F72F870B1B8B866B00F966D4 /* Release */ = {
			isa = XCBuildConfiguration;
			buildSettings = {
				ALWAYS_SEARCH_USER_PATHS = NO;
				CLANG_CXX_LANGUAGE_STANDARD = "gnu++0x";
				CLANG_CXX_LIBRARY = "libc++";
				CLANG_ENABLE_MODULES = YES;
				CLANG_ENABLE_OBJC_ARC = YES;
				CLANG_WARN_BOOL_CONVERSION = YES;
				CLANG_WARN_CONSTANT_CONVERSION = YES;
				CLANG_WARN_DIRECT_OBJC_ISA_USAGE = YES_ERROR;
				CLANG_WARN_EMPTY_BODY = YES;
				CLANG_WARN_ENUM_CONVERSION = YES;
				CLANG_WARN_INT_CONVERSION = YES;
				CLANG_WARN_OBJC_ROOT_CLASS = YES_ERROR;
				CLANG_WARN_UNREACHABLE_CODE = YES;
				CLANG_WARN__DUPLICATE_METHOD_MATCH = YES;
				"CODE_SIGN_IDENTITY[sdk=iphoneos*]" = "iPhone Developer";
				COPY_PHASE_STRIP = NO;
				DEBUG_INFORMATION_FORMAT = "dwarf-with-dsym";
				ENABLE_NS_ASSERTIONS = NO;
				ENABLE_STRICT_OBJC_MSGSEND = YES;
				GCC_C_LANGUAGE_STANDARD = gnu99;
				GCC_NO_COMMON_BLOCKS = YES;
				GCC_WARN_64_TO_32_BIT_CONVERSION = YES;
				GCC_WARN_ABOUT_RETURN_TYPE = YES_ERROR;
				GCC_WARN_UNDECLARED_SELECTOR = YES;
				GCC_WARN_UNINITIALIZED_AUTOS = YES_AGGRESSIVE;
				GCC_WARN_UNUSED_FUNCTION = YES;
				GCC_WARN_UNUSED_VARIABLE = YES;
				IPHONEOS_DEPLOYMENT_TARGET = 8.4;
				MTL_ENABLE_DEBUG_INFO = NO;
				SDKROOT = iphoneos;
				VALIDATE_PRODUCT = YES;
			};
			name = Release;
		};
		F72F870D1B8B866B00F966D4 /* Debug */ = {
			isa = XCBuildConfiguration;
			buildSettings = {
				ASSETCATALOG_COMPILER_APPICON_NAME = AppIcon;
				INFOPLIST_FILE = LibraryReview/Info.plist;
				LD_RUNPATH_SEARCH_PATHS = "$(inherited) @executable_path/Frameworks";
				PRODUCT_NAME = "$(TARGET_NAME)";
			};
			name = Debug;
		};
		F72F870E1B8B866B00F966D4 /* Release */ = {
			isa = XCBuildConfiguration;
			buildSettings = {
				ASSETCATALOG_COMPILER_APPICON_NAME = AppIcon;
				INFOPLIST_FILE = LibraryReview/Info.plist;
				LD_RUNPATH_SEARCH_PATHS = "$(inherited) @executable_path/Frameworks";
				PRODUCT_NAME = "$(TARGET_NAME)";
			};
			name = Release;
		};
		F72F87101B8B866B00F966D4 /* Debug */ = {
			isa = XCBuildConfiguration;
			buildSettings = {
				BUNDLE_LOADER = "$(TEST_HOST)";
				FRAMEWORK_SEARCH_PATHS = (
					"$(SDKROOT)/Developer/Library/Frameworks",
					"$(inherited)",
				);
				GCC_PREPROCESSOR_DEFINITIONS = (
					"DEBUG=1",
					"$(inherited)",
				);
				INFOPLIST_FILE = LibraryReviewTests/Info.plist;
				LD_RUNPATH_SEARCH_PATHS = "$(inherited) @executable_path/Frameworks @loader_path/Frameworks";
				PRODUCT_NAME = "$(TARGET_NAME)";
				TEST_HOST = "$(BUILT_PRODUCTS_DIR)/LibraryReview.app/LibraryReview";
			};
			name = Debug;
		};
		F72F87111B8B866B00F966D4 /* Release */ = {
			isa = XCBuildConfiguration;
			buildSettings = {
				BUNDLE_LOADER = "$(TEST_HOST)";
				FRAMEWORK_SEARCH_PATHS = (
					"$(SDKROOT)/Developer/Library/Frameworks",
					"$(inherited)",
				);
				INFOPLIST_FILE = LibraryReviewTests/Info.plist;
				LD_RUNPATH_SEARCH_PATHS = "$(inherited) @executable_path/Frameworks @loader_path/Frameworks";
				PRODUCT_NAME = "$(TARGET_NAME)";
				TEST_HOST = "$(BUILT_PRODUCTS_DIR)/LibraryReview.app/LibraryReview";
			};
			name = Release;
		};
/* End XCBuildConfiguration section */

/* Begin XCConfigurationList section */
		F72F86E41B8B866B00F966D4 /* Build configuration list for PBXProject "LibraryReview" */ = {
			isa = XCConfigurationList;
			buildConfigurations = (
				F72F870A1B8B866B00F966D4 /* Debug */,
				F72F870B1B8B866B00F966D4 /* Release */,
			);
			defaultConfigurationIsVisible = 0;
			defaultConfigurationName = Release;
		};
		F72F870C1B8B866B00F966D4 /* Build configuration list for PBXNativeTarget "LibraryReview" */ = {
			isa = XCConfigurationList;
			buildConfigurations = (
				F72F870D1B8B866B00F966D4 /* Debug */,
				F72F870E1B8B866B00F966D4 /* Release */,
			);
			defaultConfigurationIsVisible = 0;
			defaultConfigurationName = Release;
		};
		F72F870F1B8B866B00F966D4 /* Build configuration list for PBXNativeTarget "LibraryReviewTests" */ = {
			isa = XCConfigurationList;
			buildConfigurations = (
				F72F87101B8B866B00F966D4 /* Debug */,
				F72F87111B8B866B00F966D4 /* Release */,
			);
			defaultConfigurationIsVisible = 0;
			defaultConfigurationName = Release;
		};
/* End XCConfigurationList section */
	};
	rootObject = F72F86E11B8B866B00F966D4 /* Project object */;
}
